
Microsoft Visual Studio Solution File, Format Version 12.00
# Visual Studio Version 16
VisualStudioVersion = 16.0.33927.289
MinimumVisualStudioVersion = 10.0.40219.1
Project("{2150E333-8FDC-42A3-9474-1A3956D46DE8}") = "Task0", "Task0", "{47E1E368-B489-4157-8C12-C0625414621E}"
EndProject
Project("{FAE04EC0-301F-11D3-BF4B-00C04F79EFBC}") = "Tyuiu.ChurinDV.Sprint1.Task0.V20.Lib", "Tyuiu.ChurinDV.Sprint1.Task0.V20.Lib\Tyuiu.ChurinDV.Sprint1.Task0.V20.Lib.csproj", "{80E3D3B2-FFE8-4C19-BFD3-93EBB1DBA8C6}"
EndProject
Project("{FAE04EC0-301F-11D3-BF4B-00C04F79EFBC}") = "Tyuiu.ChurinDV.Sprint1.Task0.V20.Test", "Tyuiu.ChurinDV.Sprint1.Task0.V20.Test\Tyuiu.ChurinDV.Sprint1.Task0.V20.Test.csproj", "{F44544D5-957A-4B66-875B-09113C4837C8}"
EndProject
Project("{FAE04EC0-301F-11D3-BF4B-00C04F79EFBC}") = "Tyuiu.ChurinDV.Sprint1.Task0.V20", "Tyuiu.ChurinDV.Sprint1.Task0.V20\Tyuiu.ChurinDV.Sprint1.Task0.V20.csproj", "{B5B9454F-7FD0-41D7-B888-8CCE225FED35}"
EndProject
Project("{2150E333-8FDC-42A3-9474-1A3956D46DE8}") = "Task1", "Task1", "{F8B89B62-6021-4A7E-B24D-02D0037132DF}"
EndProject
Project("{FAE04EC0-301F-11D3-BF4B-00C04F79EFBC}") = "Tyuiu.ChurinDV.Sprint1.Task1.V13", "Tyuiu.ChurinDV.Sprint1.Task1.V13\Tyuiu.ChurinDV.Sprint1.Task1.V13.csproj", "{0791C9D1-3852-4940-8DA3-094A79C99B57}"
EndProject
Project("{FAE04EC0-301F-11D3-BF4B-00C04F79EFBC}") = "Tyuiu.ChurinDV.Sprint1.Task1.V13.Test", "Tyuiu.ChurinDV.Sprint1.Task1.V13.Test\Tyuiu.ChurinDV.Sprint1.Task1.V13.Test.csproj", "{327E6A1F-F576-48DE-8227-7063D8B01859}"
EndProject
Project("{FAE04EC0-301F-11D3-BF4B-00C04F79EFBC}") = "Tyuiu.ChurinDV.Sprint1.Task1.V13.Lib", "Tyuiu.ChurinDV.Sprint1.Task1.V13.Lib\Tyuiu.ChurinDV.Sprint1.Task1.V13.Lib.csproj", "{FF76725E-A9B8-440A-AEDB-BB864B0EA180}"
EndProject
Project("{2150E333-8FDC-42A3-9474-1A3956D46DE8}") = "Task2", "Task2", "{CFD504C9-DB58-4C48-86C2-AAB89C1F3167}"
EndProject
Project("{FAE04EC0-301F-11D3-BF4B-00C04F79EFBC}") = "Tyuiu.ChurinDV.Sprint1.Task2.V24", "Tyuiu.ChurinDV.Sprint1.Task2.V24\Tyuiu.ChurinDV.Sprint1.Task2.V24.csproj", "{1871C07A-1189-47D9-A9C9-A3A8A1497519}"
EndProject
Project("{FAE04EC0-301F-11D3-BF4B-00C04F79EFBC}") = "Tyuiu.ChurinDV.Sprint1.Task2.V24.Lib", "Tyuiu.ChurinDV.Sprint1.Task2.V24.Lib\Tyuiu.ChurinDV.Sprint1.Task2.V24.Lib.csproj", "{4393C524-2B34-49E7-938F-B60F3499EE6E}"
EndProject
Project("{FAE04EC0-301F-11D3-BF4B-00C04F79EFBC}") = "Tyuiu.ChurinDV.Sprint1.Task2.V24.Test", "Tyuiu.ChurinDV.Sprint1.Task2.V24.Test\Tyuiu.ChurinDV.Sprint1.Task2.V24.Test.csproj", "{96C5CF87-663A-471D-97B9-1AA047B5918F}"
EndProject
Project("{2150E333-8FDC-42A3-9474-1A3956D46DE8}") = "Task3", "Task3", "{31912DF4-6E51-4225-8467-211BCF9684A5}"
EndProject
Project("{FAE04EC0-301F-11D3-BF4B-00C04F79EFBC}") = "Tyuiu.ChurinDV.Sprint1.Task3.V3", "Tyuiu.ChurinDV.Sprint1.Task3.V3\Tyuiu.ChurinDV.Sprint1.Task3.V3.csproj", "{6A9BF314-CAD5-4AC2-84CA-CF2EF535C97C}"
EndProject
Project("{FAE04EC0-301F-11D3-BF4B-00C04F79EFBC}") = "Tyuiu.ChurinDV.Sprint1.Task3.V3.Test", "Tyuiu.ChurinDV.Sprint1.Task3.V3.Test\Tyuiu.ChurinDV.Sprint1.Task3.V3.Test.csproj", "{084F2E9C-A8E5-46D5-B248-C7A4EF536EB3}"
EndProject
Project("{FAE04EC0-301F-11D3-BF4B-00C04F79EFBC}") = "Tyuiu.ChurinDV.Sprint1.Task3.V3.Lib", "Tyuiu.ChurinDV.Sprint1.Task3.V3.Lib\Tyuiu.ChurinDV.Sprint1.Task3.V3.Lib.csproj", "{21E9B11C-DF8A-4981-89BB-01F804DAB91F}"
EndProject
Project("{2150E333-8FDC-42A3-9474-1A3956D46DE8}") = "Task4", "Task4", "{85CDD080-BD87-4EA0-828F-9FD5373EFA16}"
EndProject
Project("{FAE04EC0-301F-11D3-BF4B-00C04F79EFBC}") = "Tyuiu.ChurinDV.Sprint1.Task4.V13", "Tyuiu.ChurinDV.Sprint1.Task4.V13\Tyuiu.ChurinDV.Sprint1.Task4.V13.csproj", "{B66FC80A-DD2B-482E-B6D5-ED84D3F796B2}"
EndProject
Project("{FAE04EC0-301F-11D3-BF4B-00C04F79EFBC}") = "Tyuiu.ChurinDV.Sprint1.Task4.V13.Lib", "Tyuiu.ChurinDV.Sprint1.Task4.V13.Lib\Tyuiu.ChurinDV.Sprint1.Task4.V13.Lib.csproj", "{5BB85DDD-F313-46B7-9120-68D532AB3E2C}"
EndProject
Project("{FAE04EC0-301F-11D3-BF4B-00C04F79EFBC}") = "Tyuiu.ChurinDV.Sprint1.Task4.V13.Test", "Tyuiu.ChurinDV.Sprint1.Task4.V13.Test\Tyuiu.ChurinDV.Sprint1.Task4.V13.Test.csproj", "{42D0A1E8-8B89-4D5F-9100-444E9A14A1DC}"
EndProject
Project("{2150E333-8FDC-42A3-9474-1A3956D46DE8}") = "Task5", "Task5", "{F4D50574-F07C-4EAD-B62C-669EB5713037}"
EndProject
Project("{FAE04EC0-301F-11D3-BF4B-00C04F79EFBC}") = "Tyuiu.ChurinDV.Sprint1.Task5.V1", "Tyuiu.ChurinDV.Sprint1.Task5.V1\Tyuiu.ChurinDV.Sprint1.Task5.V1.csproj", "{A442E760-6B21-43BF-B8C7-1275CE0DD34D}"
EndProject
Project("{FAE04EC0-301F-11D3-BF4B-00C04F79EFBC}") = "Tyuiu.ChurinDV.Sprint1.Task5.V1.Test", "Tyuiu.ChurinDV.Sprint1.Task5.V1.Test\Tyuiu.ChurinDV.Sprint1.Task5.V1.Test.csproj", "{178AB883-6CEB-4E79-BFCC-9407A3E54779}"
EndProject
Project("{FAE04EC0-301F-11D3-BF4B-00C04F79EFBC}") = "Tyuiu.ChurinDV.Sprint1.Task5.V1.Lib", "Tyuiu.ChurinDV.Sprint1.Task5.V1.Lib\Tyuiu.ChurinDV.Sprint1.Task5.V1.Lib.csproj", "{2BCF0BE9-2EE5-48CF-943C-043E2B36B1CA}"
EndProject
Project("{2150E333-8FDC-42A3-9474-1A3956D46DE8}") = "Task6", "Task6", "{87990FCF-8E3D-4F5F-B608-43E1B48ADC21}"
EndProject
Project("{FAE04EC0-301F-11D3-BF4B-00C04F79EFBC}") = "Tyuiu.ChurinDV.Sprint1.Task6.V5", "Tyuiu.ChurinDV.Sprint1.Task6.V5\Tyuiu.ChurinDV.Sprint1.Task6.V5.csproj", "{BEE87F95-5425-4C83-B9DF-AFF6A44E4D3E}"
EndProject
Project("{FAE04EC0-301F-11D3-BF4B-00C04F79EFBC}") = "Tyuiu.ChurinDV.Sprint1.Task6.V5.Lib", "Tyuiu.ChurinDV.Sprint1.Task6.V5.Lib\Tyuiu.ChurinDV.Sprint1.Task6.V5.Lib.csproj", "{66D18D4C-3BC8-4C66-8C95-0E5AD9F258F3}"
EndProject
Project("{FAE04EC0-301F-11D3-BF4B-00C04F79EFBC}") = "Tyuiu.ChurinDV.Sprint1.Task6.V5.Test", "Tyuiu.ChurinDV.Sprint1.Task6.V5.Test\Tyuiu.ChurinDV.Sprint1.Task6.V5.Test.csproj", "{62DA39CB-8A79-4583-92B3-09EF5A81C405}"
EndProject
Project("{2150E333-8FDC-42A3-9474-1A3956D46DE8}") = "Task7", "Task7", "{12070D40-04C3-441B-A794-46593256690C}"
EndProject
Project("{FAE04EC0-301F-11D3-BF4B-00C04F79EFBC}") = "Tyuiu.ChurinDV.Sprint1.Task7.V21", "Tyuiu.ChurinDV.Sprint1.Task7.V21\Tyuiu.ChurinDV.Sprint1.Task7.V21.csproj", "{C46C6264-8942-44F4-8E65-C43A1148AF8C}"
EndProject
Project("{FAE04EC0-301F-11D3-BF4B-00C04F79EFBC}") = "Tyuiu.ChurinDV.Sprint1.Task7.V21.Test", "Tyuiu.ChurinDV.Sprint1.Task7.V21.Test\Tyuiu.ChurinDV.Sprint1.Task7.V21.Test.csproj", "{E7A81DCC-11F4-492E-B683-C5985E7FFFFF}"
EndProject
Project("{FAE04EC0-301F-11D3-BF4B-00C04F79EFBC}") = "Tyuiu.ChurinDV.Sprint1.Task7.V21.Lib", "Tyuiu.ChurinDV.Sprint1.Task7.V21.Lib\Tyuiu.ChurinDV.Sprint1.Task7.V21.Lib.csproj", "{8643ADB5-9B00-47DA-AB87-A69C47F3D232}"
EndProject
Global
	GlobalSection(SolutionConfigurationPlatforms) = preSolution
		Debug|Any CPU = Debug|Any CPU
		Release|Any CPU = Release|Any CPU
	EndGlobalSection
	GlobalSection(ProjectConfigurationPlatforms) = postSolution
		{80E3D3B2-FFE8-4C19-BFD3-93EBB1DBA8C6}.Debug|Any CPU.ActiveCfg = Debug|Any CPU
		{80E3D3B2-FFE8-4C19-BFD3-93EBB1DBA8C6}.Debug|Any CPU.Build.0 = Debug|Any CPU
		{80E3D3B2-FFE8-4C19-BFD3-93EBB1DBA8C6}.Release|Any CPU.ActiveCfg = Release|Any CPU
		{80E3D3B2-FFE8-4C19-BFD3-93EBB1DBA8C6}.Release|Any CPU.Build.0 = Release|Any CPU
		{F44544D5-957A-4B66-875B-09113C4837C8}.Debug|Any CPU.ActiveCfg = Debug|Any CPU
		{F44544D5-957A-4B66-875B-09113C4837C8}.Debug|Any CPU.Build.0 = Debug|Any CPU
		{F44544D5-957A-4B66-875B-09113C4837C8}.Release|Any CPU.ActiveCfg = Release|Any CPU
		{F44544D5-957A-4B66-875B-09113C4837C8}.Release|Any CPU.Build.0 = Release|Any CPU
		{B5B9454F-7FD0-41D7-B888-8CCE225FED35}.Debug|Any CPU.ActiveCfg = Debug|Any CPU
		{B5B9454F-7FD0-41D7-B888-8CCE225FED35}.Debug|Any CPU.Build.0 = Debug|Any CPU
		{B5B9454F-7FD0-41D7-B888-8CCE225FED35}.Release|Any CPU.ActiveCfg = Release|Any CPU
		{B5B9454F-7FD0-41D7-B888-8CCE225FED35}.Release|Any CPU.Build.0 = Release|Any CPU
		{0791C9D1-3852-4940-8DA3-094A79C99B57}.Debug|Any CPU.ActiveCfg = Debug|Any CPU
		{0791C9D1-3852-4940-8DA3-094A79C99B57}.Debug|Any CPU.Build.0 = Debug|Any CPU
		{0791C9D1-3852-4940-8DA3-094A79C99B57}.Release|Any CPU.ActiveCfg = Release|Any CPU
		{0791C9D1-3852-4940-8DA3-094A79C99B57}.Release|Any CPU.Build.0 = Release|Any CPU
		{327E6A1F-F576-48DE-8227-7063D8B01859}.Debug|Any CPU.ActiveCfg = Debug|Any CPU
		{327E6A1F-F576-48DE-8227-7063D8B01859}.Debug|Any CPU.Build.0 = Debug|Any CPU
		{327E6A1F-F576-48DE-8227-7063D8B01859}.Release|Any CPU.ActiveCfg = Release|Any CPU
		{327E6A1F-F576-48DE-8227-7063D8B01859}.Release|Any CPU.Build.0 = Release|Any CPU
		{FF76725E-A9B8-440A-AEDB-BB864B0EA180}.Debug|Any CPU.ActiveCfg = Debug|Any CPU
		{FF76725E-A9B8-440A-AEDB-BB864B0EA180}.Debug|Any CPU.Build.0 = Debug|Any CPU
		{FF76725E-A9B8-440A-AEDB-BB864B0EA180}.Release|Any CPU.ActiveCfg = Release|Any CPU
		{FF76725E-A9B8-440A-AEDB-BB864B0EA180}.Release|Any CPU.Build.0 = Release|Any CPU
		{1871C07A-1189-47D9-A9C9-A3A8A1497519}.Debug|Any CPU.ActiveCfg = Debug|Any CPU
		{1871C07A-1189-47D9-A9C9-A3A8A1497519}.Debug|Any CPU.Build.0 = Debug|Any CPU
		{1871C07A-1189-47D9-A9C9-A3A8A1497519}.Release|Any CPU.ActiveCfg = Release|Any CPU
		{1871C07A-1189-47D9-A9C9-A3A8A1497519}.Release|Any CPU.Build.0 = Release|Any CPU
		{4393C524-2B34-49E7-938F-B60F3499EE6E}.Debug|Any CPU.ActiveCfg = Debug|Any CPU
		{4393C524-2B34-49E7-938F-B60F3499EE6E}.Debug|Any CPU.Build.0 = Debug|Any CPU
		{4393C524-2B34-49E7-938F-B60F3499EE6E}.Release|Any CPU.ActiveCfg = Release|Any CPU
		{4393C524-2B34-49E7-938F-B60F3499EE6E}.Release|Any CPU.Build.0 = Release|Any CPU
		{96C5CF87-663A-471D-97B9-1AA047B5918F}.Debug|Any CPU.ActiveCfg = Debug|Any CPU
		{96C5CF87-663A-471D-97B9-1AA047B5918F}.Debug|Any CPU.Build.0 = Debug|Any CPU
		{96C5CF87-663A-471D-97B9-1AA047B5918F}.Release|Any CPU.ActiveCfg = Release|Any CPU
		{96C5CF87-663A-471D-97B9-1AA047B5918F}.Release|Any CPU.Build.0 = Release|Any CPU
		{6A9BF314-CAD5-4AC2-84CA-CF2EF535C97C}.Debug|Any CPU.ActiveCfg = Debug|Any CPU
		{6A9BF314-CAD5-4AC2-84CA-CF2EF535C97C}.Debug|Any CPU.Build.0 = Debug|Any CPU
		{6A9BF314-CAD5-4AC2-84CA-CF2EF535C97C}.Release|Any CPU.ActiveCfg = Release|Any CPU
		{6A9BF314-CAD5-4AC2-84CA-CF2EF535C97C}.Release|Any CPU.Build.0 = Release|Any CPU
		{084F2E9C-A8E5-46D5-B248-C7A4EF536EB3}.Debug|Any CPU.ActiveCfg = Debug|Any CPU
		{084F2E9C-A8E5-46D5-B248-C7A4EF536EB3}.Debug|Any CPU.Build.0 = Debug|Any CPU
		{084F2E9C-A8E5-46D5-B248-C7A4EF536EB3}.Release|Any CPU.ActiveCfg = Release|Any CPU
		{084F2E9C-A8E5-46D5-B248-C7A4EF536EB3}.Release|Any CPU.Build.0 = Release|Any CPU
		{21E9B11C-DF8A-4981-89BB-01F804DAB91F}.Debug|Any CPU.ActiveCfg = Debug|Any CPU
		{21E9B11C-DF8A-4981-89BB-01F804DAB91F}.Debug|Any CPU.Build.0 = Debug|Any CPU
		{21E9B11C-DF8A-4981-89BB-01F804DAB91F}.Release|Any CPU.ActiveCfg = Release|Any CPU
		{21E9B11C-DF8A-4981-89BB-01F804DAB91F}.Release|Any CPU.Build.0 = Release|Any CPU
		{B66FC80A-DD2B-482E-B6D5-ED84D3F796B2}.Debug|Any CPU.ActiveCfg = Debug|Any CPU
		{B66FC80A-DD2B-482E-B6D5-ED84D3F796B2}.Debug|Any CPU.Build.0 = Debug|Any CPU
		{B66FC80A-DD2B-482E-B6D5-ED84D3F796B2}.Release|Any CPU.ActiveCfg = Release|Any CPU
		{B66FC80A-DD2B-482E-B6D5-ED84D3F796B2}.Release|Any CPU.Build.0 = Release|Any CPU
		{5BB85DDD-F313-46B7-9120-68D532AB3E2C}.Debug|Any CPU.ActiveCfg = Debug|Any CPU
		{5BB85DDD-F313-46B7-9120-68D532AB3E2C}.Debug|Any CPU.Build.0 = Debug|Any CPU
		{5BB85DDD-F313-46B7-9120-68D532AB3E2C}.Release|Any CPU.ActiveCfg = Release|Any CPU
		{5BB85DDD-F313-46B7-9120-68D532AB3E2C}.Release|Any CPU.Build.0 = Release|Any CPU
		{42D0A1E8-8B89-4D5F-9100-444E9A14A1DC}.Debug|Any CPU.ActiveCfg = Debug|Any CPU
		{42D0A1E8-8B89-4D5F-9100-444E9A14A1DC}.Debug|Any CPU.Build.0 = Debug|Any CPU
		{42D0A1E8-8B89-4D5F-9100-444E9A14A1DC}.Release|Any CPU.ActiveCfg = Release|Any CPU
		{42D0A1E8-8B89-4D5F-9100-444E9A14A1DC}.Release|Any CPU.Build.0 = Release|Any CPU
		{A442E760-6B21-43BF-B8C7-1275CE0DD34D}.Debug|Any CPU.ActiveCfg = Debug|Any CPU
		{A442E760-6B21-43BF-B8C7-1275CE0DD34D}.Debug|Any CPU.Build.0 = Debug|Any CPU
		{A442E760-6B21-43BF-B8C7-1275CE0DD34D}.Release|Any CPU.ActiveCfg = Release|Any CPU
		{A442E760-6B21-43BF-B8C7-1275CE0DD34D}.Release|Any CPU.Build.0 = Release|Any CPU
		{178AB883-6CEB-4E79-BFCC-9407A3E54779}.Debug|Any CPU.ActiveCfg = Debug|Any CPU
		{178AB883-6CEB-4E79-BFCC-9407A3E54779}.Debug|Any CPU.Build.0 = Debug|Any CPU
		{178AB883-6CEB-4E79-BFCC-9407A3E54779}.Release|Any CPU.ActiveCfg = Release|Any CPU
		{178AB883-6CEB-4E79-BFCC-9407A3E54779}.Release|Any CPU.Build.0 = Release|Any CPU
		{2BCF0BE9-2EE5-48CF-943C-043E2B36B1CA}.Debug|Any CPU.ActiveCfg = Debug|Any CPU
		{2BCF0BE9-2EE5-48CF-943C-043E2B36B1CA}.Debug|Any CPU.Build.0 = Debug|Any CPU
		{2BCF0BE9-2EE5-48CF-943C-043E2B36B1CA}.Release|Any CPU.ActiveCfg = Release|Any CPU
		{2BCF0BE9-2EE5-48CF-943C-043E2B36B1CA}.Release|Any CPU.Build.0 = Release|Any CPU
		{BEE87F95-5425-4C83-B9DF-AFF6A44E4D3E}.Debug|Any CPU.ActiveCfg = Debug|Any CPU
		{BEE87F95-5425-4C83-B9DF-AFF6A44E4D3E}.Debug|Any CPU.Build.0 = Debug|Any CPU
		{BEE87F95-5425-4C83-B9DF-AFF6A44E4D3E}.Release|Any CPU.ActiveCfg = Release|Any CPU
		{BEE87F95-5425-4C83-B9DF-AFF6A44E4D3E}.Release|Any CPU.Build.0 = Release|Any CPU
		{66D18D4C-3BC8-4C66-8C95-0E5AD9F258F3}.Debug|Any CPU.ActiveCfg = Debug|Any CPU
		{66D18D4C-3BC8-4C66-8C95-0E5AD9F258F3}.Debug|Any CPU.Build.0 = Debug|Any CPU
		{66D18D4C-3BC8-4C66-8C95-0E5AD9F258F3}.Release|Any CPU.ActiveCfg = Release|Any CPU
		{66D18D4C-3BC8-4C66-8C95-0E5AD9F258F3}.Release|Any CPU.Build.0 = Release|Any CPU
		{62DA39CB-8A79-4583-92B3-09EF5A81C405}.Debug|Any CPU.ActiveCfg = Debug|Any CPU
		{62DA39CB-8A79-4583-92B3-09EF5A81C405}.Debug|Any CPU.Build.0 = Debug|Any CPU
		{62DA39CB-8A79-4583-92B3-09EF5A81C405}.Release|Any CPU.ActiveCfg = Release|Any CPU
		{62DA39CB-8A79-4583-92B3-09EF5A81C405}.Release|Any CPU.Build.0 = Release|Any CPU
		{C46C6264-8942-44F4-8E65-C43A1148AF8C}.Debug|Any CPU.ActiveCfg = Debug|Any CPU
		{C46C6264-8942-44F4-8E65-C43A1148AF8C}.Debug|Any CPU.Build.0 = Debug|Any CPU
		{C46C6264-8942-44F4-8E65-C43A1148AF8C}.Release|Any CPU.ActiveCfg = Release|Any CPU
		{C46C6264-8942-44F4-8E65-C43A1148AF8C}.Release|Any CPU.Build.0 = Release|Any CPU
		{E7A81DCC-11F4-492E-B683-C5985E7FFFFF}.Debug|Any CPU.ActiveCfg = Debug|Any CPU
		{E7A81DCC-11F4-492E-B683-C5985E7FFFFF}.Debug|Any CPU.Build.0 = Debug|Any CPU
		{E7A81DCC-11F4-492E-B683-C5985E7FFFFF}.Release|Any CPU.ActiveCfg = Release|Any CPU
		{E7A81DCC-11F4-492E-B683-C5985E7FFFFF}.Release|Any CPU.Build.0 = Release|Any CPU
		{8643ADB5-9B00-47DA-AB87-A69C47F3D232}.Debug|Any CPU.ActiveCfg = Debug|Any CPU
		{8643ADB5-9B00-47DA-AB87-A69C47F3D232}.Debug|Any CPU.Build.0 = Debug|Any CPU
		{8643ADB5-9B00-47DA-AB87-A69C47F3D232}.Release|Any CPU.ActiveCfg = Release|Any CPU
		{8643ADB5-9B00-47DA-AB87-A69C47F3D232}.Release|Any CPU.Build.0 = Release|Any CPU
	EndGlobalSection
	GlobalSection(SolutionProperties) = preSolution
		HideSolutionNode = FALSE
	EndGlobalSection
	GlobalSection(NestedProjects) = preSolution
		{80E3D3B2-FFE8-4C19-BFD3-93EBB1DBA8C6} = {47E1E368-B489-4157-8C12-C0625414621E}
		{F44544D5-957A-4B66-875B-09113C4837C8} = {47E1E368-B489-4157-8C12-C0625414621E}
		{B5B9454F-7FD0-41D7-B888-8CCE225FED35} = {47E1E368-B489-4157-8C12-C0625414621E}
		{0791C9D1-3852-4940-8DA3-094A79C99B57} = {F8B89B62-6021-4A7E-B24D-02D0037132DF}
		{327E6A1F-F576-48DE-8227-7063D8B01859} = {F8B89B62-6021-4A7E-B24D-02D0037132DF}
		{FF76725E-A9B8-440A-AEDB-BB864B0EA180} = {F8B89B62-6021-4A7E-B24D-02D0037132DF}
		{1871C07A-1189-47D9-A9C9-A3A8A1497519} = {CFD504C9-DB58-4C48-86C2-AAB89C1F3167}
		{4393C524-2B34-49E7-938F-B60F3499EE6E} = {CFD504C9-DB58-4C48-86C2-AAB89C1F3167}
		{96C5CF87-663A-471D-97B9-1AA047B5918F} = {CFD504C9-DB58-4C48-86C2-AAB89C1F3167}
		{6A9BF314-CAD5-4AC2-84CA-CF2EF535C97C} = {31912DF4-6E51-4225-8467-211BCF9684A5}
		{084F2E9C-A8E5-46D5-B248-C7A4EF536EB3} = {31912DF4-6E51-4225-8467-211BCF9684A5}
		{21E9B11C-DF8A-4981-89BB-01F804DAB91F} = {31912DF4-6E51-4225-8467-211BCF9684A5}
		{B66FC80A-DD2B-482E-B6D5-ED84D3F796B2} = {85CDD080-BD87-4EA0-828F-9FD5373EFA16}
		{5BB85DDD-F313-46B7-9120-68D532AB3E2C} = {85CDD080-BD87-4EA0-828F-9FD5373EFA16}
		{42D0A1E8-8B89-4D5F-9100-444E9A14A1DC} = {85CDD080-BD87-4EA0-828F-9FD5373EFA16}
		{A442E760-6B21-43BF-B8C7-1275CE0DD34D} = {F4D50574-F07C-4EAD-B62C-669EB5713037}
		{178AB883-6CEB-4E79-BFCC-9407A3E54779} = {F4D50574-F07C-4EAD-B62C-669EB5713037}
		{2BCF0BE9-2EE5-48CF-943C-043E2B36B1CA} = {F4D50574-F07C-4EAD-B62C-669EB5713037}
		{BEE87F95-5425-4C83-B9DF-AFF6A44E4D3E} = {87990FCF-8E3D-4F5F-B608-43E1B48ADC21}
		{66D18D4C-3BC8-4C66-8C95-0E5AD9F258F3} = {87990FCF-8E3D-4F5F-B608-43E1B48ADC21}
		{62DA39CB-8A79-4583-92B3-09EF5A81C405} = {87990FCF-8E3D-4F5F-B608-43E1B48ADC21}
		{C46C6264-8942-44F4-8E65-C43A1148AF8C} = {12070D40-04C3-441B-A794-46593256690C}
		{E7A81DCC-11F4-492E-B683-C5985E7FFFFF} = {12070D40-04C3-441B-A794-46593256690C}
		{8643ADB5-9B00-47DA-AB87-A69C47F3D232} = {12070D40-04C3-441B-A794-46593256690C}
	EndGlobalSection
	GlobalSection(ExtensibilityGlobals) = postSolution
		SolutionGuid = {C6950638-9308-4FA3-A8C0-A5B072342082}
	EndGlobalSection
EndGlobal
